
Microsoft Visual Studio Solution File, Format Version 12.00
# Blend for Visual Studio Version 17
VisualStudioVersion = 17.2.32314.265
MinimumVisualStudioVersion = 10.0.40219.1
Project("{9A19103F-16F7-4668-BE54-9A1E7A4F7556}") = "PicoCare", "PicoCare\PicoCare.csproj", "{3405F621-825D-4535-A401-A53F83983248}"
EndProject
Global
	GlobalSection(SolutionConfigurationPlatforms) = preSolution
		Debug|Any CPU = Debug|Any CPU
		Release|Any CPU = Release|Any CPU
	EndGlobalSection
	GlobalSection(ProjectConfigurationPlatforms) = postSolution
		{3405F621-825D-4535-A401-A53F83983248}.Debug|Any CPU.ActiveCfg = Debug|Any CPU
		{3405F621-825D-4535-A401-A53F83983248}.Debug|Any CPU.Build.0 = Debug|Any CPU
		{3405F621-825D-4535-A401-A53F83983248}.Release|Any CPU.ActiveCfg = Release|Any CPU
		{3405F621-825D-4535-A401-A53F83983248}.Release|Any CPU.Build.0 = Release|Any CPU
	EndGlobalSection
	GlobalSection(SolutionProperties) = preSolution
		HideSolutionNode = FALSE
	EndGlobalSection
	GlobalSection(ExtensibilityGlobals) = postSolution
		SolutionGuid = {57849E1B-104C-4181-98C5-8DFE84F1AE42}
	EndGlobalSection
EndGlobal
